PATH
  remote: .
  specs:
    quarks-package-manager (2.0.0)
      sqlite3 (>= 2.9.5, < 3)

GEM
  remote: https://rubygems.org/
  specs:
    benchmark (0.5.0)
    minitest (6.0.0)
      prism (~> 1.5)
    prism (1.8.1)
    rake (13.3.1)
    sqlite3 (2.9.6-x86_64-linux-gnu)

PLATFORMS
  x86_64-linux-gnu

DEPENDENCIES
  benchmark (>= 0.3, < 1)
  minitest (>= 5, < 7)
  quarks-package-manager!
  rake (>= 13, < 14)

CHECKSUMS
  benchmark (0.5.0)
  minitest (6.0.0)
  prism (1.8.1)
  quarks-package-manager (2.0.0)
  rake (13.3.1)
  sqlite3 (2.9.6-x86_64-linux-gnu)

BUNDLED WITH
  4.0.16
